
Microsoft Visual Studio Solution File, Format Version 12.00
# Visual Studio Version 17
VisualStudioVersion = 17.2.32526.322
MinimumVisualStudioVersion = 10.0.40219.1
Project("{FAE04EC0-301F-11D3-BF4B-00C04F79EFBC}") = "DataPager", "DataPager\DataPager.csproj", "{2789962E-E781-4249-9AFE-ADE4D2C97649}"
EndProject
Global
	GlobalSection(SolutionConfigurationPlatforms) = preSolution
		Debug|Any CPU = Debug|Any CPU
		Release|Any CPU = Release|Any CPU
	EndGlobalSection
	GlobalSection(ProjectConfigurationPlatforms) = postSolution
		{2789962E-E781-4249-9AFE-ADE4D2C97649}.Debug|Any CPU.ActiveCfg = Debug|Any CPU
		{2789962E-E781-4249-9AFE-ADE4D2C97649}.Debug|Any CPU.Build.0 = Debug|Any CPU
		{2789962E-E781-4249-9AFE-ADE4D2C97649}.Release|Any CPU.ActiveCfg = Release|Any CPU
		{2789962E-E781-4249-9AFE-ADE4D2C97649}.Release|Any CPU.Build.0 = Release|Any CPU
	EndGlobalSection
	GlobalSection(SolutionProperties) = preSolution
		HideSolutionNode = FALSE
	EndGlobalSection
	GlobalSection(ExtensibilityGlobals) = postSolution
		SolutionGuid = {D2090892-397C-4761-8468-1AFB28CE7C59}
	EndGlobalSection
EndGlobal
